{
  "pins" : [
    {
      "identity" : "ios-branch-sdk-spm",
      "kind" : "remoteSourceControl",
      "location" : "https://github.com/BranchMetrics/ios-branch-sdk-spm.git",
      "state" : {
        "revision" : "0df3ec69c4775cf326cd8c26aece361d92769e4b",
        "version" : "3.4.4"
      }
    }
  ],
  "version" : 2
}
