{
  "pins" : [
    {
      "identity" : "ios-branch-sdk-spm",
      "kind" : "remoteSourceControl",
      "location" : "https://github.com/BranchMetrics/ios-branch-sdk-spm.git",
      "state" : {
        "revision" : "1c9ae2eb035a6c4df36a0c5eaaa9258fb5b4e94c",
        "version" : "3.4.3"
      }
    }
  ],
  "version" : 2
}
